
Microsoft Visual Studio Solution File, Format Version 12.00
# Visual Studio Version 17
VisualStudioVersion = 17.7.34031.279
MinimumVisualStudioVersion = 10.0.40219.1
Project("{9A19103F-16F7-4668-BE54-9A1E7A4F7556}") = "susalem.wpf", "susalem.wpf\susalem.wpf.csproj", "{111F9D30-E1A5-46CD-90C2-982DA655BFE7}"
EndProject
Project("{FAE04EC0-301F-11D3-BF4B-00C04F79EFBC}") = "susalem.EasyDemo", "susalem.EasyDemo\susalem.EasyDemo.csproj", "{8C0FFEE3-70DE-4B4C-9DB4-D8E759DF5D9D}"
EndProject
Project("{FAE04EC0-301F-11D3-BF4B-00C04F79EFBC}") = "HeBianGu.Diagram.Presenter.Workflow", "..\..\WPF-Diagram\Source\Control\HeBianGu.Diagram.Presenter.Workflow\HeBianGu.Diagram.Presenter.Workflow.csproj", "{A3D5AF1D-033C-4E8A-945B-C4BAB335E585}"
EndProject
Project("{FAE04EC0-301F-11D3-BF4B-00C04F79EFBC}") = "HeBianGu.Diagram.Presenter", "..\..\WPF-Diagram\Source\Control\HeBianGu.Diagram.Presenter\HeBianGu.Diagram.Presenter.csproj", "{B92D1723-BA75-4E39-A493-BCFDE8A8B48B}"
EndProject
Project("{FAE04EC0-301F-11D3-BF4B-00C04F79EFBC}") = "HeBianGu.Diagram.DrawingBox", "..\..\WPF-Diagram\Source\Control\HeBianGu.Diagram.DrawingBox\HeBianGu.Diagram.DrawingBox.csproj", "{8EE88A97-4B11-41D4-B779-3780F74FD5C2}"
EndProject
Global
	GlobalSection(SolutionConfigurationPlatforms) = preSolution
		Debug|Any CPU = Debug|Any CPU
		Release|Any CPU = Release|Any CPU
	EndGlobalSection
	GlobalSection(ProjectConfigurationPlatforms) = postSolution
		{111F9D30-E1A5-46CD-90C2-982DA655BFE7}.Debug|Any CPU.ActiveCfg = Debug|Any CPU
		{111F9D30-E1A5-46CD-90C2-982DA655BFE7}.Debug|Any CPU.Build.0 = Debug|Any CPU
		{111F9D30-E1A5-46CD-90C2-982DA655BFE7}.Release|Any CPU.ActiveCfg = Release|Any CPU
		{111F9D30-E1A5-46CD-90C2-982DA655BFE7}.Release|Any CPU.Build.0 = Release|Any CPU
		{8C0FFEE3-70DE-4B4C-9DB4-D8E759DF5D9D}.Debug|Any CPU.ActiveCfg = Debug|Any CPU
		{8C0FFEE3-70DE-4B4C-9DB4-D8E759DF5D9D}.Debug|Any CPU.Build.0 = Debug|Any CPU
		{8C0FFEE3-70DE-4B4C-9DB4-D8E759DF5D9D}.Release|Any CPU.ActiveCfg = Release|Any CPU
		{8C0FFEE3-70DE-4B4C-9DB4-D8E759DF5D9D}.Release|Any CPU.Build.0 = Release|Any CPU
		{A3D5AF1D-033C-4E8A-945B-C4BAB335E585}.Debug|Any CPU.ActiveCfg = Debug|Any CPU
		{A3D5AF1D-033C-4E8A-945B-C4BAB335E585}.Debug|Any CPU.Build.0 = Debug|Any CPU
		{A3D5AF1D-033C-4E8A-945B-C4BAB335E585}.Release|Any CPU.ActiveCfg = Release|Any CPU
		{A3D5AF1D-033C-4E8A-945B-C4BAB335E585}.Release|Any CPU.Build.0 = Release|Any CPU
		{B92D1723-BA75-4E39-A493-BCFDE8A8B48B}.Debug|Any CPU.ActiveCfg = Debug|Any CPU
		{B92D1723-BA75-4E39-A493-BCFDE8A8B48B}.Debug|Any CPU.Build.0 = Debug|Any CPU
		{B92D1723-BA75-4E39-A493-BCFDE8A8B48B}.Release|Any CPU.ActiveCfg = Release|Any CPU
		{B92D1723-BA75-4E39-A493-BCFDE8A8B48B}.Release|Any CPU.Build.0 = Release|Any CPU
		{8EE88A97-4B11-41D4-B779-3780F74FD5C2}.Debug|Any CPU.ActiveCfg = Debug|Any CPU
		{8EE88A97-4B11-41D4-B779-3780F74FD5C2}.Debug|Any CPU.Build.0 = Debug|Any CPU
		{8EE88A97-4B11-41D4-B779-3780F74FD5C2}.Release|Any CPU.ActiveCfg = Release|Any CPU
		{8EE88A97-4B11-41D4-B779-3780F74FD5C2}.Release|Any CPU.Build.0 = Release|Any CPU
	EndGlobalSection
	GlobalSection(SolutionProperties) = preSolution
		HideSolutionNode = FALSE
	EndGlobalSection
	GlobalSection(ExtensibilityGlobals) = postSolution
		SolutionGuid = {78BD985E-133F-45F8-BA13-2D748D72D176}
	EndGlobalSection
EndGlobal
